{
  "lockfileVersion": 1,
  "configVersion": 1,
  "workspaces": {
    "": {
      "name": "termenor",
    },
    "packages/client": {
      "name": "@termenor/client",
      "version": "0.0.0",
      "dependencies": {
        "@termenor/protocol": "workspace:*",
      },
    },
    "packages/protocol": {
      "name": "@termenor/protocol",
      "version": "0.0.0",
    },
    "packages/server": {
      "name": "@termenor/server",
      "version": "0.0.0",
      "dependencies": {
        "@termenor/protocol": "workspace:*",
      },
    },
  },
  "packages": {
    "@termenor/client": ["@termenor/client@workspace:packages/client"],

    "@termenor/protocol": ["@termenor/protocol@workspace:packages/protocol"],

    "@termenor/server": ["@termenor/server@workspace:packages/server"],
  }
}
